
Microsoft Visual Studio Solution File, Format Version 12.00
# Visual Studio Version 17
VisualStudioVersion = 17.7.34031.279
MinimumVisualStudioVersion = 10.0.40219.1
Project("{9A19103F-16F7-4668-BE54-9A1E7A4F7556}") = "01.DayOfWeek", "01.DayOfWeek\01.DayOfWeek.csproj", "{76E60108-C8D3-478C-9FF4-868233DFFBCA}"
EndProject
Project("{9A19103F-16F7-4668-BE54-9A1E7A4F7556}") = "02.WeekendOrWorkingDay", "02.WeekendOrWorkingDay\02.WeekendOrWorkingDay.csproj", "{F3B13B74-A4CF-4D8A-A12A-B6518EC2894D}"
EndProject
Project("{9A19103F-16F7-4668-BE54-9A1E7A4F7556}") = "03.AnimalType", "03.AnimalType\03.AnimalType.csproj", "{D9005CEF-4223-40FE-964B-52ED7CDC5CFA}"
EndProject
Project("{9A19103F-16F7-4668-BE54-9A1E7A4F7556}") = "04.PersonalTitles", "04.PersonalTitles\04.PersonalTitles.csproj", "{A1C5C846-D996-416D-B358-1823D20A6953}"
EndProject
Project("{9A19103F-16F7-4668-BE54-9A1E7A4F7556}") = "05.SmallShop", "05.SmallShop\05.SmallShop.csproj", "{54276612-C7EB-4E64-B9E1-A571ADFA1971}"
EndProject
Project("{FAE04EC0-301F-11D3-BF4B-00C04F79EFBC}") = "06.NumberInRange", "06.NumberInRange\06.NumberInRange.csproj", "{FD803CB0-F764-425A-ABCC-812DE092F1E2}"
EndProject
Project("{FAE04EC0-301F-11D3-BF4B-00C04F79EFBC}") = "07.WorkingHours", "07.WorkingHours\07.WorkingHours.csproj", "{6681EE6A-3CC3-4B5B-8627-35AA5CE78E0B}"
EndProject
Project("{FAE04EC0-301F-11D3-BF4B-00C04F79EFBC}") = "08.CinemaTicket", "08.CinemaTicket\08.CinemaTicket.csproj", "{D94E7FD7-4EE1-4534-8843-ED2C6FFB2F00}"
EndProject
Project("{FAE04EC0-301F-11D3-BF4B-00C04F79EFBC}") = "09.FruitOrVegetable", "09.FruitOrVegetable\09.FruitOrVegetable.csproj", "{26599171-CF3A-4261-9B31-5B5DC84BD486}"
EndProject
Project("{FAE04EC0-301F-11D3-BF4B-00C04F79EFBC}") = "10.InvalidNumber", "10.InvalidNumber\10.InvalidNumber.csproj", "{283CE013-B16F-4CE8-A743-4FBDAF3A52AD}"
EndProject
Project("{FAE04EC0-301F-11D3-BF4B-00C04F79EFBC}") = "11.FruitShop", "11.FruitShop\11.FruitShop.csproj", "{E036EB55-4616-4229-AB78-EE33968BB1BB}"
EndProject
Project("{FAE04EC0-301F-11D3-BF4B-00C04F79EFBC}") = "12.TradeCommissions", "12.TradeCommissions\12.TradeCommissions.csproj", "{7FB50961-EC12-4C53-B521-5B682886926F}"
EndProject
Global
	GlobalSection(SolutionConfigurationPlatforms) = preSolution
		Debug|Any CPU = Debug|Any CPU
		Debug|x64 = Debug|x64
		Debug|x86 = Debug|x86
		Release|Any CPU = Release|Any CPU
		Release|x64 = Release|x64
		Release|x86 = Release|x86
	EndGlobalSection
	GlobalSection(ProjectConfigurationPlatforms) = postSolution
		{76E60108-C8D3-478C-9FF4-868233DFFBCA}.Debug|Any CPU.ActiveCfg = Debug|Any CPU
		{76E60108-C8D3-478C-9FF4-868233DFFBCA}.Debug|Any CPU.Build.0 = Debug|Any CPU
		{76E60108-C8D3-478C-9FF4-868233DFFBCA}.Debug|x64.ActiveCfg = Debug|Any CPU
		{76E60108-C8D3-478C-9FF4-868233DFFBCA}.Debug|x64.Build.0 = Debug|Any CPU
		{76E60108-C8D3-478C-9FF4-868233DFFBCA}.Debug|x86.ActiveCfg = Debug|Any CPU
		{76E60108-C8D3-478C-9FF4-868233DFFBCA}.Debug|x86.Build.0 = Debug|Any CPU
		{76E60108-C8D3-478C-9FF4-868233DFFBCA}.Release|Any CPU.ActiveCfg = Release|Any CPU
		{76E60108-C8D3-478C-9FF4-868233DFFBCA}.Release|Any CPU.Build.0 = Release|Any CPU
		{76E60108-C8D3-478C-9FF4-868233DFFBCA}.Release|x64.ActiveCfg = Release|Any CPU
		{76E60108-C8D3-478C-9FF4-868233DFFBCA}.Release|x64.Build.0 = Release|Any CPU
		{76E60108-C8D3-478C-9FF4-868233DFFBCA}.Release|x86.ActiveCfg = Release|Any CPU
		{76E60108-C8D3-478C-9FF4-868233DFFBCA}.Release|x86.Build.0 = Release|Any CPU
		{F3B13B74-A4CF-4D8A-A12A-B6518EC2894D}.Debug|Any CPU.ActiveCfg = Debug|Any CPU
		{F3B13B74-A4CF-4D8A-A12A-B6518EC2894D}.Debug|Any CPU.Build.0 = Debug|Any CPU
		{F3B13B74-A4CF-4D8A-A12A-B6518EC2894D}.Debug|x64.ActiveCfg = Debug|Any CPU
		{F3B13B74-A4CF-4D8A-A12A-B6518EC2894D}.Debug|x64.Build.0 = Debug|Any CPU
		{F3B13B74-A4CF-4D8A-A12A-B6518EC2894D}.Debug|x86.ActiveCfg = Debug|Any CPU
		{F3B13B74-A4CF-4D8A-A12A-B6518EC2894D}.Debug|x86.Build.0 = Debug|Any CPU
		{F3B13B74-A4CF-4D8A-A12A-B6518EC2894D}.Release|Any CPU.ActiveCfg = Release|Any CPU
		{F3B13B74-A4CF-4D8A-A12A-B6518EC2894D}.Release|Any CPU.Build.0 = Release|Any CPU
		{F3B13B74-A4CF-4D8A-A12A-B6518EC2894D}.Release|x64.ActiveCfg = Release|Any CPU
		{F3B13B74-A4CF-4D8A-A12A-B6518EC2894D}.Release|x64.Build.0 = Release|Any CPU
		{F3B13B74-A4CF-4D8A-A12A-B6518EC2894D}.Release|x86.ActiveCfg = Release|Any CPU
		{F3B13B74-A4CF-4D8A-A12A-B6518EC2894D}.Release|x86.Build.0 = Release|Any CPU
		{D9005CEF-4223-40FE-964B-52ED7CDC5CFA}.Debug|Any CPU.ActiveCfg = Debug|Any CPU
		{D9005CEF-4223-40FE-964B-52ED7CDC5CFA}.Debug|Any CPU.Build.0 = Debug|Any CPU
		{D9005CEF-4223-40FE-964B-52ED7CDC5CFA}.Debug|x64.ActiveCfg = Debug|Any CPU
		{D9005CEF-4223-40FE-964B-52ED7CDC5CFA}.Debug|x64.Build.0 = Debug|Any CPU
		{D9005CEF-4223-40FE-964B-52ED7CDC5CFA}.Debug|x86.ActiveCfg = Debug|Any CPU
		{D9005CEF-4223-40FE-964B-52ED7CDC5CFA}.Debug|x86.Build.0 = Debug|Any CPU
		{D9005CEF-4223-40FE-964B-52ED7CDC5CFA}.Release|Any CPU.ActiveCfg = Release|Any CPU
		{D9005CEF-4223-40FE-964B-52ED7CDC5CFA}.Release|Any CPU.Build.0 = Release|Any CPU
		{D9005CEF-4223-40FE-964B-52ED7CDC5CFA}.Release|x64.ActiveCfg = Release|Any CPU
		{D9005CEF-4223-40FE-964B-52ED7CDC5CFA}.Release|x64.Build.0 = Release|Any CPU
		{D9005CEF-4223-40FE-964B-52ED7CDC5CFA}.Release|x86.ActiveCfg = Release|Any CPU
		{D9005CEF-4223-40FE-964B-52ED7CDC5CFA}.Release|x86.Build.0 = Release|Any CPU
		{A1C5C846-D996-416D-B358-1823D20A6953}.Debug|Any CPU.ActiveCfg = Debug|Any CPU
		{A1C5C846-D996-416D-B358-1823D20A6953}.Debug|Any CPU.Build.0 = Debug|Any CPU
		{A1C5C846-D996-416D-B358-1823D20A6953}.Debug|x64.ActiveCfg = Debug|Any CPU
		{A1C5C846-D996-416D-B358-1823D20A6953}.Debug|x64.Build.0 = Debug|Any CPU
		{A1C5C846-D996-416D-B358-1823D20A6953}.Debug|x86.ActiveCfg = Debug|Any CPU
		{A1C5C846-D996-416D-B358-1823D20A6953}.Debug|x86.Build.0 = Debug|Any CPU
		{A1C5C846-D996-416D-B358-1823D20A6953}.Release|Any CPU.ActiveCfg = Release|Any CPU
		{A1C5C846-D996-416D-B358-1823D20A6953}.Release|Any CPU.Build.0 = Release|Any CPU
		{A1C5C846-D996-416D-B358-1823D20A6953}.Release|x64.ActiveCfg = Release|Any CPU
		{A1C5C846-D996-416D-B358-1823D20A6953}.Release|x64.Build.0 = Release|Any CPU
		{A1C5C846-D996-416D-B358-1823D20A6953}.Release|x86.ActiveCfg = Release|Any CPU
		{A1C5C846-D996-416D-B358-1823D20A6953}.Release|x86.Build.0 = Release|Any CPU
		{54276612-C7EB-4E64-B9E1-A571ADFA1971}.Debug|Any CPU.ActiveCfg = Debug|Any CPU
		{54276612-C7EB-4E64-B9E1-A571ADFA1971}.Debug|Any CPU.Build.0 = Debug|Any CPU
		{54276612-C7EB-4E64-B9E1-A571ADFA1971}.Debug|x64.ActiveCfg = Debug|Any CPU
		{54276612-C7EB-4E64-B9E1-A571ADFA1971}.Debug|x64.Build.0 = Debug|Any CPU
		{54276612-C7EB-4E64-B9E1-A571ADFA1971}.Debug|x86.ActiveCfg = Debug|Any CPU
		{54276612-C7EB-4E64-B9E1-A571ADFA1971}.Debug|x86.Build.0 = Debug|Any CPU
		{54276612-C7EB-4E64-B9E1-A571ADFA1971}.Release|Any CPU.ActiveCfg = Release|Any CPU
		{54276612-C7EB-4E64-B9E1-A571ADFA1971}.Release|Any CPU.Build.0 = Release|Any CPU
		{54276612-C7EB-4E64-B9E1-A571ADFA1971}.Release|x64.ActiveCfg = Release|Any CPU
		{54276612-C7EB-4E64-B9E1-A571ADFA1971}.Release|x64.Build.0 = Release|Any CPU
		{54276612-C7EB-4E64-B9E1-A571ADFA1971}.Release|x86.ActiveCfg = Release|Any CPU
		{54276612-C7EB-4E64-B9E1-A571ADFA1971}.Release|x86.Build.0 = Release|Any CPU
		{FD803CB0-F764-425A-ABCC-812DE092F1E2}.Debug|Any CPU.ActiveCfg = Debug|Any CPU
		{FD803CB0-F764-425A-ABCC-812DE092F1E2}.Debug|Any CPU.Build.0 = Debug|Any CPU
		{FD803CB0-F764-425A-ABCC-812DE092F1E2}.Debug|x64.ActiveCfg = Debug|Any CPU
		{FD803CB0-F764-425A-ABCC-812DE092F1E2}.Debug|x64.Build.0 = Debug|Any CPU
		{FD803CB0-F764-425A-ABCC-812DE092F1E2}.Debug|x86.ActiveCfg = Debug|Any CPU
		{FD803CB0-F764-425A-ABCC-812DE092F1E2}.Debug|x86.Build.0 = Debug|Any CPU
		{FD803CB0-F764-425A-ABCC-812DE092F1E2}.Release|Any CPU.ActiveCfg = Release|Any CPU
		{FD803CB0-F764-425A-ABCC-812DE092F1E2}.Release|Any CPU.Build.0 = Release|Any CPU
		{FD803CB0-F764-425A-ABCC-812DE092F1E2}.Release|x64.ActiveCfg = Release|Any CPU
		{FD803CB0-F764-425A-ABCC-812DE092F1E2}.Release|x64.Build.0 = Release|Any CPU
		{FD803CB0-F764-425A-ABCC-812DE092F1E2}.Release|x86.ActiveCfg = Release|Any CPU
		{FD803CB0-F764-425A-ABCC-812DE092F1E2}.Release|x86.Build.0 = Release|Any CPU
		{6681EE6A-3CC3-4B5B-8627-35AA5CE78E0B}.Debug|Any CPU.ActiveCfg = Debug|Any CPU
		{6681EE6A-3CC3-4B5B-8627-35AA5CE78E0B}.Debug|Any CPU.Build.0 = Debug|Any CPU
		{6681EE6A-3CC3-4B5B-8627-35AA5CE78E0B}.Debug|x64.ActiveCfg = Debug|Any CPU
		{6681EE6A-3CC3-4B5B-8627-35AA5CE78E0B}.Debug|x64.Build.0 = Debug|Any CPU
		{6681EE6A-3CC3-4B5B-8627-35AA5CE78E0B}.Debug|x86.ActiveCfg = Debug|Any CPU
		{6681EE6A-3CC3-4B5B-8627-35AA5CE78E0B}.Debug|x86.Build.0 = Debug|Any CPU
		{6681EE6A-3CC3-4B5B-8627-35AA5CE78E0B}.Release|Any CPU.ActiveCfg = Release|Any CPU
		{6681EE6A-3CC3-4B5B-8627-35AA5CE78E0B}.Release|Any CPU.Build.0 = Release|Any CPU
		{6681EE6A-3CC3-4B5B-8627-35AA5CE78E0B}.Release|x64.ActiveCfg = Release|Any CPU
		{6681EE6A-3CC3-4B5B-8627-35AA5CE78E0B}.Release|x64.Build.0 = Release|Any CPU
		{6681EE6A-3CC3-4B5B-8627-35AA5CE78E0B}.Release|x86.ActiveCfg = Release|Any CPU
		{6681EE6A-3CC3-4B5B-8627-35AA5CE78E0B}.Release|x86.Build.0 = Release|Any CPU
		{D94E7FD7-4EE1-4534-8843-ED2C6FFB2F00}.Debug|Any CPU.ActiveCfg = Debug|Any CPU
		{D94E7FD7-4EE1-4534-8843-ED2C6FFB2F00}.Debug|Any CPU.Build.0 = Debug|Any CPU
		{D94E7FD7-4EE1-4534-8843-ED2C6FFB2F00}.Debug|x64.ActiveCfg = Debug|Any CPU
		{D94E7FD7-4EE1-4534-8843-ED2C6FFB2F00}.Debug|x64.Build.0 = Debug|Any CPU
		{D94E7FD7-4EE1-4534-8843-ED2C6FFB2F00}.Debug|x86.ActiveCfg = Debug|Any CPU
		{D94E7FD7-4EE1-4534-8843-ED2C6FFB2F00}.Debug|x86.Build.0 = Debug|Any CPU
		{D94E7FD7-4EE1-4534-8843-ED2C6FFB2F00}.Release|Any CPU.ActiveCfg = Release|Any CPU
		{D94E7FD7-4EE1-4534-8843-ED2C6FFB2F00}.Release|Any CPU.Build.0 = Release|Any CPU
		{D94E7FD7-4EE1-4534-8843-ED2C6FFB2F00}.Release|x64.ActiveCfg = Release|Any CPU
		{D94E7FD7-4EE1-4534-8843-ED2C6FFB2F00}.Release|x64.Build.0 = Release|Any CPU
		{D94E7FD7-4EE1-4534-8843-ED2C6FFB2F00}.Release|x86.ActiveCfg = Release|Any CPU
		{D94E7FD7-4EE1-4534-8843-ED2C6FFB2F00}.Release|x86.Build.0 = Release|Any CPU
		{26599171-CF3A-4261-9B31-5B5DC84BD486}.Debug|Any CPU.ActiveCfg = Debug|Any CPU
		{26599171-CF3A-4261-9B31-5B5DC84BD486}.Debug|Any CPU.Build.0 = Debug|Any CPU
		{26599171-CF3A-4261-9B31-5B5DC84BD486}.Debug|x64.ActiveCfg = Debug|Any CPU
		{26599171-CF3A-4261-9B31-5B5DC84BD486}.Debug|x64.Build.0 = Debug|Any CPU
		{26599171-CF3A-4261-9B31-5B5DC84BD486}.Debug|x86.ActiveCfg = Debug|Any CPU
		{26599171-CF3A-4261-9B31-5B5DC84BD486}.Debug|x86.Build.0 = Debug|Any CPU
		{26599171-CF3A-4261-9B31-5B5DC84BD486}.Release|Any CPU.ActiveCfg = Release|Any CPU
		{26599171-CF3A-4261-9B31-5B5DC84BD486}.Release|Any CPU.Build.0 = Release|Any CPU
		{26599171-CF3A-4261-9B31-5B5DC84BD486}.Release|x64.ActiveCfg = Release|Any CPU
		{26599171-CF3A-4261-9B31-5B5DC84BD486}.Release|x64.Build.0 = Release|Any CPU
		{26599171-CF3A-4261-9B31-5B5DC84BD486}.Release|x86.ActiveCfg = Release|Any CPU
		{26599171-CF3A-4261-9B31-5B5DC84BD486}.Release|x86.Build.0 = Release|Any CPU
		{283CE013-B16F-4CE8-A743-4FBDAF3A52AD}.Debug|Any CPU.ActiveCfg = Debug|Any CPU
		{283CE013-B16F-4CE8-A743-4FBDAF3A52AD}.Debug|Any CPU.Build.0 = Debug|Any CPU
		{283CE013-B16F-4CE8-A743-4FBDAF3A52AD}.Debug|x64.ActiveCfg = Debug|Any CPU
		{283CE013-B16F-4CE8-A743-4FBDAF3A52AD}.Debug|x64.Build.0 = Debug|Any CPU
		{283CE013-B16F-4CE8-A743-4FBDAF3A52AD}.Debug|x86.ActiveCfg = Debug|Any CPU
		{283CE013-B16F-4CE8-A743-4FBDAF3A52AD}.Debug|x86.Build.0 = Debug|Any CPU
		{283CE013-B16F-4CE8-A743-4FBDAF3A52AD}.Release|Any CPU.ActiveCfg = Release|Any CPU
		{283CE013-B16F-4CE8-A743-4FBDAF3A52AD}.Release|Any CPU.Build.0 = Release|Any CPU
		{283CE013-B16F-4CE8-A743-4FBDAF3A52AD}.Release|x64.ActiveCfg = Release|Any CPU
		{283CE013-B16F-4CE8-A743-4FBDAF3A52AD}.Release|x64.Build.0 = Release|Any CPU
		{283CE013-B16F-4CE8-A743-4FBDAF3A52AD}.Release|x86.ActiveCfg = Release|Any CPU
		{283CE013-B16F-4CE8-A743-4FBDAF3A52AD}.Release|x86.Build.0 = Release|Any CPU
		{E036EB55-4616-4229-AB78-EE33968BB1BB}.Debug|Any CPU.ActiveCfg = Debug|Any CPU
		{E036EB55-4616-4229-AB78-EE33968BB1BB}.Debug|Any CPU.Build.0 = Debug|Any CPU
		{E036EB55-4616-4229-AB78-EE33968BB1BB}.Debug|x64.ActiveCfg = Debug|Any CPU
		{E036EB55-4616-4229-AB78-EE33968BB1BB}.Debug|x64.Build.0 = Debug|Any CPU
		{E036EB55-4616-4229-AB78-EE33968BB1BB}.Debug|x86.ActiveCfg = Debug|Any CPU
		{E036EB55-4616-4229-AB78-EE33968BB1BB}.Debug|x86.Build.0 = Debug|Any CPU
		{E036EB55-4616-4229-AB78-EE33968BB1BB}.Release|Any CPU.ActiveCfg = Release|Any CPU
		{E036EB55-4616-4229-AB78-EE33968BB1BB}.Release|Any CPU.Build.0 = Release|Any CPU
		{E036EB55-4616-4229-AB78-EE33968BB1BB}.Release|x64.ActiveCfg = Release|Any CPU
		{E036EB55-4616-4229-AB78-EE33968BB1BB}.Release|x64.Build.0 = Release|Any CPU
		{E036EB55-4616-4229-AB78-EE33968BB1BB}.Release|x86.ActiveCfg = Release|Any CPU
		{E036EB55-4616-4229-AB78-EE33968BB1BB}.Release|x86.Build.0 = Release|Any CPU
		{7FB50961-EC12-4C53-B521-5B682886926F}.Debug|Any CPU.ActiveCfg = Debug|Any CPU
		{7FB50961-EC12-4C53-B521-5B682886926F}.Debug|Any CPU.Build.0 = Debug|Any CPU
		{7FB50961-EC12-4C53-B521-5B682886926F}.Debug|x64.ActiveCfg = Debug|Any CPU
		{7FB50961-EC12-4C53-B521-5B682886926F}.Debug|x64.Build.0 = Debug|Any CPU
		{7FB50961-EC12-4C53-B521-5B682886926F}.Debug|x86.ActiveCfg = Debug|Any CPU
		{7FB50961-EC12-4C53-B521-5B682886926F}.Debug|x86.Build.0 = Debug|Any CPU
		{7FB50961-EC12-4C53-B521-5B682886926F}.Release|Any CPU.ActiveCfg = Release|Any CPU
		{7FB50961-EC12-4C53-B521-5B682886926F}.Release|Any CPU.Build.0 = Release|Any CPU
		{7FB50961-EC12-4C53-B521-5B682886926F}.Release|x64.ActiveCfg = Release|Any CPU
		{7FB50961-EC12-4C53-B521-5B682886926F}.Release|x64.Build.0 = Release|Any CPU
		{7FB50961-EC12-4C53-B521-5B682886926F}.Release|x86.ActiveCfg = Release|Any CPU
		{7FB50961-EC12-4C53-B521-5B682886926F}.Release|x86.Build.0 = Release|Any CPU
	EndGlobalSection
	GlobalSection(SolutionProperties) = preSolution
		HideSolutionNode = FALSE
	EndGlobalSection
	GlobalSection(ExtensibilityGlobals) = postSolution
		SolutionGuid = {15FCA73B-6537-4D92-A425-5DFA10873592}
	EndGlobalSection
EndGlobal
