
Microsoft Visual Studio Solution File, Format Version 12.00
# Visual Studio Version 17
VisualStudioVersion = 17.7.34031.279
MinimumVisualStudioVersion = 10.0.40219.1
Project("{9A19103F-16F7-4668-BE54-9A1E7A4F7556}") = "01.HelloSoftUni", "01.HelloSoftUni\01.HelloSoftUni.csproj", "{6BE7AA84-929E-408B-82D2-17415758791D}"
EndProject
Project("{9A19103F-16F7-4668-BE54-9A1E7A4F7556}") = "02.Nums1to10", "02.Nums1to10\02.Nums1to10.csproj", "{5B615398-F65B-4D70-BE32-F09B077F58D0}"
EndProject
Project("{9A19103F-16F7-4668-BE54-9A1E7A4F7556}") = "03.RectangleArea", "03.RectangleArea\03.RectangleArea.csproj", "{68369252-2F1E-4627-A7F9-6E735F25751D}"
EndProject
Project("{9A19103F-16F7-4668-BE54-9A1E7A4F7556}") = "04.InchesToCentimeters", "04.InchestoCentimeters\04.InchesToCentimeters.csproj", "{A8669B2D-5258-41D0-A790-DE03AF077AEE}"
EndProject
Project("{9A19103F-16F7-4668-BE54-9A1E7A4F7556}") = "05.GreetingByName", "05.GreetingbyName\05.GreetingByName.csproj", "{75C0BAC9-2952-49C4-A700-77852E3954E9}"
EndProject
Project("{9A19103F-16F7-4668-BE54-9A1E7A4F7556}") = "06.ConcatenateData", "06.ConcatenateData\06.ConcatenateData.csproj", "{48BB3C62-4414-4911-9CBE-1E5188DD133E}"
EndProject
Project("{9A19103F-16F7-4668-BE54-9A1E7A4F7556}") = "09.YardGreening", "09.YardGreening\09.YardGreening.csproj", "{56DF0EE0-D359-4907-B1FD-9BA8BB4D5C77}"
EndProject
Project("{9A19103F-16F7-4668-BE54-9A1E7A4F7556}") = "07.ProjectsCreation", "07.ProjectsCreation\07.ProjectsCreation.csproj", "{3051E6FA-B9F0-4943-95F7-399343016B99}"
EndProject
Project("{9A19103F-16F7-4668-BE54-9A1E7A4F7556}") = "08.PetShop", "08.PetShop\08.PetShop.csproj", "{2A79FC48-2DA5-421D-B247-1E886251611D}"
EndProject
Global
	GlobalSection(SolutionConfigurationPlatforms) = preSolution
		Debug|Any CPU = Debug|Any CPU
		Release|Any CPU = Release|Any CPU
	EndGlobalSection
	GlobalSection(ProjectConfigurationPlatforms) = postSolution
		{6BE7AA84-929E-408B-82D2-17415758791D}.Debug|Any CPU.ActiveCfg = Debug|Any CPU
		{6BE7AA84-929E-408B-82D2-17415758791D}.Debug|Any CPU.Build.0 = Debug|Any CPU
		{6BE7AA84-929E-408B-82D2-17415758791D}.Release|Any CPU.ActiveCfg = Release|Any CPU
		{6BE7AA84-929E-408B-82D2-17415758791D}.Release|Any CPU.Build.0 = Release|Any CPU
		{5B615398-F65B-4D70-BE32-F09B077F58D0}.Debug|Any CPU.ActiveCfg = Debug|Any CPU
		{5B615398-F65B-4D70-BE32-F09B077F58D0}.Debug|Any CPU.Build.0 = Debug|Any CPU
		{5B615398-F65B-4D70-BE32-F09B077F58D0}.Release|Any CPU.ActiveCfg = Release|Any CPU
		{5B615398-F65B-4D70-BE32-F09B077F58D0}.Release|Any CPU.Build.0 = Release|Any CPU
		{68369252-2F1E-4627-A7F9-6E735F25751D}.Debug|Any CPU.ActiveCfg = Debug|Any CPU
		{68369252-2F1E-4627-A7F9-6E735F25751D}.Debug|Any CPU.Build.0 = Debug|Any CPU
		{68369252-2F1E-4627-A7F9-6E735F25751D}.Release|Any CPU.ActiveCfg = Release|Any CPU
		{68369252-2F1E-4627-A7F9-6E735F25751D}.Release|Any CPU.Build.0 = Release|Any CPU
		{A8669B2D-5258-41D0-A790-DE03AF077AEE}.Debug|Any CPU.ActiveCfg = Debug|Any CPU
		{A8669B2D-5258-41D0-A790-DE03AF077AEE}.Debug|Any CPU.Build.0 = Debug|Any CPU
		{A8669B2D-5258-41D0-A790-DE03AF077AEE}.Release|Any CPU.ActiveCfg = Release|Any CPU
		{A8669B2D-5258-41D0-A790-DE03AF077AEE}.Release|Any CPU.Build.0 = Release|Any CPU
		{75C0BAC9-2952-49C4-A700-77852E3954E9}.Debug|Any CPU.ActiveCfg = Debug|Any CPU
		{75C0BAC9-2952-49C4-A700-77852E3954E9}.Debug|Any CPU.Build.0 = Debug|Any CPU
		{75C0BAC9-2952-49C4-A700-77852E3954E9}.Release|Any CPU.ActiveCfg = Release|Any CPU
		{75C0BAC9-2952-49C4-A700-77852E3954E9}.Release|Any CPU.Build.0 = Release|Any CPU
		{48BB3C62-4414-4911-9CBE-1E5188DD133E}.Debug|Any CPU.ActiveCfg = Debug|Any CPU
		{48BB3C62-4414-4911-9CBE-1E5188DD133E}.Debug|Any CPU.Build.0 = Debug|Any CPU
		{48BB3C62-4414-4911-9CBE-1E5188DD133E}.Release|Any CPU.ActiveCfg = Release|Any CPU
		{48BB3C62-4414-4911-9CBE-1E5188DD133E}.Release|Any CPU.Build.0 = Release|Any CPU
		{56DF0EE0-D359-4907-B1FD-9BA8BB4D5C77}.Debug|Any CPU.ActiveCfg = Debug|Any CPU
		{56DF0EE0-D359-4907-B1FD-9BA8BB4D5C77}.Debug|Any CPU.Build.0 = Debug|Any CPU
		{56DF0EE0-D359-4907-B1FD-9BA8BB4D5C77}.Release|Any CPU.ActiveCfg = Release|Any CPU
		{56DF0EE0-D359-4907-B1FD-9BA8BB4D5C77}.Release|Any CPU.Build.0 = Release|Any CPU
		{3051E6FA-B9F0-4943-95F7-399343016B99}.Debug|Any CPU.ActiveCfg = Debug|Any CPU
		{3051E6FA-B9F0-4943-95F7-399343016B99}.Debug|Any CPU.Build.0 = Debug|Any CPU
		{3051E6FA-B9F0-4943-95F7-399343016B99}.Release|Any CPU.ActiveCfg = Release|Any CPU
		{3051E6FA-B9F0-4943-95F7-399343016B99}.Release|Any CPU.Build.0 = Release|Any CPU
		{2A79FC48-2DA5-421D-B247-1E886251611D}.Debug|Any CPU.ActiveCfg = Debug|Any CPU
		{2A79FC48-2DA5-421D-B247-1E886251611D}.Debug|Any CPU.Build.0 = Debug|Any CPU
		{2A79FC48-2DA5-421D-B247-1E886251611D}.Release|Any CPU.ActiveCfg = Release|Any CPU
		{2A79FC48-2DA5-421D-B247-1E886251611D}.Release|Any CPU.Build.0 = Release|Any CPU
	EndGlobalSection
	GlobalSection(SolutionProperties) = preSolution
		HideSolutionNode = FALSE
	EndGlobalSection
	GlobalSection(ExtensibilityGlobals) = postSolution
		SolutionGuid = {B7D5C4B7-4DC5-4957-B0BB-E05CB3E82128}
	EndGlobalSection
EndGlobal
